{
    "api-platform/core": {
        "version": "3.2",
        "recipe": {
            "repo": "github.com/symfony/recipes",
            "branch": "main",
            "version": "3.2",
            "ref": "696d44adc3c0d4f5d25a2f1c4f3700dd8a5c6db9"
        },
        "files": [
            "config/packages/api_platform.yaml",
            "config/routes/api_platform.yaml",
            "src/ApiResource/.gitignore"
        ]
    },
    "doctrine/annotations": {
        "version": "1.14",
        "recipe": {
            "repo": "github.com/symfony/recipes",
            "branch": "main",
            "version": "1.10",
            "ref": "64d8583af5ea57b7afa4aba4b159907f3a148b05"
        }
    },
    "doctrine/doctrine-bundle": {
        "version": "2.12",
        "recipe": {
            "repo": "github.com/symfony/recipes",
            "branch": "main",
            "version": "2.12",
            "ref": "67fe5ec6347935627365af33a056fd8fcb1871ab"
        },
        "files": [
            "config/packages/doctrine.yaml",
            "src/Entity/.gitignore",
            "src/Repository/.gitignore"
        ]
    },
    "doctrine/doctrine-fixtures-bundle": {
        "version": "3.5",
        "recipe": {
            "repo": "github.com/symfony/recipes",
            "branch": "main",
            "version": "3.0",
            "ref": "1f5514cfa15b947298df4d771e694e578d4c204d"
        },
        "files": [
            "src/DataFixtures/AppFixtures.php"
        ]
    },
    "doctrine/doctrine-migrations-bundle": {
        "version": "3.3",
        "recipe": {
            "repo": "github.com/symfony/recipes",
            "branch": "main",
            "version": "3.1",
            "ref": "1d01ec03c6ecbd67c3375c5478c9a423ae5d6a33"
        },
        "files": [
            "config/packages/doctrine_migrations.yaml",
            "migrations/.gitignore"
        ]
    },
    "easycorp/easyadmin-bundle": {
        "version": "4.9",
        "recipe": {
            "repo": "github.com/symfony/recipes",
            "branch": "main",
            "version": "3.0",
            "ref": "b131e6cbfe1b898a508987851963fff485986285"
        }
    },
    "friendsofphp/php-cs-fixer": {
        "version": "3.13",
        "recipe": {
            "repo": "github.com/symfony/recipes",
            "branch": "main",
            "version": "3.0",
            "ref": "be2103eb4a20942e28a6dd87736669b757132435"
        },
        "files": [
            ".php-cs-fixer.dist.php"
        ]
    },
    "knplabs/knp-snappy-bundle": {
        "version": "1.10",
        "recipe": {
            "repo": "github.com/symfony/recipes-contrib",
            "branch": "main",
            "version": "1.5",
            "ref": "c81bdcf4a9d4e7b1959071457f9608631865d381"
        },
        "files": [
            "config/packages/knp_snappy.yaml"
        ]
    },
    "kreait/firebase-bundle": {
        "version": "5.2.0"
    },
    "nelmio/cors-bundle": {
        "version": "2.4",
        "recipe": {
            "repo": "github.com/symfony/recipes",
            "branch": "main",
            "version": "1.5",
            "ref": "6bea22e6c564fba3a1391615cada1437d0bde39c"
        },
        "files": [
            "config/packages/nelmio_cors.yaml"
        ]
    },
    "oneup/flysystem-bundle": {
        "version": "4.12",
        "recipe": {
            "repo": "github.com/symfony/recipes-contrib",
            "branch": "main",
            "version": "4.0",
            "ref": "3ae1b83985e89138f5443bbc2d9b8c074b497d49"
        },
        "files": [
            "config/packages/oneup_flysystem.yaml"
        ]
    },
    "php-http/discovery": {
        "version": "1.19",
        "recipe": {
            "repo": "github.com/symfony/recipes",
            "branch": "main",
            "version": "1.18",
            "ref": "f45b5dd173a27873ab19f5e3180b2f661c21de02"
        },
        "files": [
            "config/packages/http_discovery.yaml"
        ]
    },
    "phpstan/phpstan": {
        "version": "1.10",
        "recipe": {
            "repo": "github.com/symfony/recipes-contrib",
            "branch": "main",
            "version": "1.0",
            "ref": "5e490cc197fb6bb1ae22e5abbc531ddc633b6767"
        },
        "files": [
            "phpstan.dist.neon"
        ]
    },
    "sentry/sentry-symfony": {
        "version": "4.14",
        "recipe": {
            "repo": "github.com/symfony/recipes-contrib",
            "branch": "main",
            "version": "4.6",
            "ref": "153de5f041f7e8a9c19f3674b800b76be0e6fd90"
        },
        "files": [
            "config/packages/sentry.yaml"
        ]
    },
    "squizlabs/php_codesniffer": {
        "version": "3.9",
        "recipe": {
            "repo": "github.com/symfony/recipes-contrib",
            "branch": "main",
            "version": "3.6",
            "ref": "1019e5c08d4821cb9b77f4891f8e9c31ff20ac6f"
        },
        "files": [
            "phpcs.xml.dist"
        ]
    },
    "symfony/console": {
        "version": "6.2",
        "recipe": {
            "repo": "github.com/symfony/recipes",
            "branch": "main",
            "version": "5.3",
            "ref": "1781ff40d8a17d87cf53f8d4cf0c8346ed2bb461"
        },
        "files": [
            "bin/console"
        ]
    },
    "symfony/debug-bundle": {
        "version": "6.2",
        "recipe": {
            "repo": "github.com/symfony/recipes",
            "branch": "main",
            "version": "5.3",
            "ref": "5aa8aa48234c8eb6dbdd7b3cd5d791485d2cec4b"
        },
        "files": [
            "config/packages/debug.yaml"
        ]
    },
    "symfony/flex": {
        "version": "2.4",
        "recipe": {
            "repo": "github.com/symfony/recipes",
            "branch": "main",
            "version": "1.0",
            "ref": "146251ae39e06a95be0fe3d13c807bcf3938b172"
        },
        "files": [
            ".env"
        ]
    },
    "symfony/framework-bundle": {
        "version": "6.2",
        "recipe": {
            "repo": "github.com/symfony/recipes",
            "branch": "main",
            "version": "6.2",
            "ref": "af47254c5e4cd543e6af3e4508298ffebbdaddd3"
        },
        "files": [
            "config/packages/cache.yaml",
            "config/packages/framework.yaml",
            "config/preload.php",
            "config/routes/framework.yaml",
            "config/services.yaml",
            "public/index.php",
            "src/Controller/.gitignore",
            "src/Kernel.php"
        ]
    },
    "symfony/lock": {
        "version": "6.2",
        "recipe": {
            "repo": "github.com/symfony/recipes",
            "branch": "main",
            "version": "5.2",
            "ref": "8e937ff2b4735d110af1770f242c1107fdab4c8e"
        },
        "files": [
            "config/packages/lock.yaml"
        ]
    },
    "symfony/mailer": {
        "version": "6.2",
        "recipe": {
            "repo": "github.com/symfony/recipes",
            "branch": "main",
            "version": "4.3",
            "ref": "df66ee1f226c46f01e85c29c2f7acce0596ba35a"
        },
        "files": [
            "config/packages/mailer.yaml"
        ]
    },
    "symfony/maker-bundle": {
        "version": "1.50",
        "recipe": {
            "repo": "github.com/symfony/recipes",
            "branch": "main",
            "version": "1.0",
            "ref": "fadbfe33303a76e25cb63401050439aa9b1a9c7f"
        }
    },
    "symfony/mercure-bundle": {
        "version": "0.3",
        "recipe": {
            "repo": "github.com/symfony/recipes",
            "branch": "main",
            "version": "0.3",
            "ref": "851667ac03fd113c5bd2215fb743974f6709bc62"
        },
        "files": [
            "config/packages/mercure.yaml"
        ]
    },
    "symfony/phpunit-bridge": {
        "version": "6.2",
        "recipe": {
            "repo": "github.com/symfony/recipes",
            "branch": "main",
            "version": "5.3",
            "ref": "07ce01a897311647520b43d4ddddad9537b99ba6"
        },
        "files": [
            ".env.test",
            "bin/phpunit",
            "phpunit.xml.dist",
            "tests/bootstrap.php"
        ]
    },
    "symfony/routing": {
        "version": "6.2",
        "recipe": {
            "repo": "github.com/symfony/recipes",
            "branch": "main",
            "version": "6.2",
            "ref": "e0a11b4ccb8c9e70b574ff5ad3dfdcd41dec5aa6"
        },
        "files": [
            "config/packages/routing.yaml",
            "config/routes.yaml"
        ]
    },
    "symfony/security-bundle": {
        "version": "6.2",
        "recipe": {
            "repo": "github.com/symfony/recipes",
            "branch": "main",
            "version": "6.0",
            "ref": "8a5b112826f7d3d5b07027f93786ae11a1c7de48"
        },
        "files": [
            "config/packages/security.yaml"
        ]
    },
    "symfony/translation": {
        "version": "6.2",
        "recipe": {
            "repo": "github.com/symfony/recipes",
            "branch": "main",
            "version": "5.3",
            "ref": "e28e27f53663cc34f0be2837aba18e3a1bef8e7b"
        },
        "files": [
            "config/packages/translation.yaml",
            "translations/.gitignore"
        ]
    },
    "symfony/twig-bundle": {
        "version": "6.2",
        "recipe": {
            "repo": "github.com/symfony/recipes",
            "branch": "main",
            "version": "5.4",
            "ref": "bb2178c57eee79e6be0b297aa96fc0c0def81387"
        },
        "files": [
            "config/packages/twig.yaml",
            "templates/base.html.twig"
        ]
    },
    "symfony/uid": {
        "version": "6.2",
        "recipe": {
            "repo": "github.com/symfony/recipes",
            "branch": "main",
            "version": "6.2",
            "ref": "d294ad4add3e15d7eb1bae0221588ca89b38e558"
        },
        "files": [
            "config/packages/uid.yaml"
        ]
    },
    "symfony/validator": {
        "version": "6.2",
        "recipe": {
            "repo": "github.com/symfony/recipes",
            "branch": "main",
            "version": "5.3",
            "ref": "c32cfd98f714894c4f128bb99aa2530c1227603c"
        },
        "files": [
            "config/packages/validator.yaml"
        ]
    },
    "symfony/web-profiler-bundle": {
        "version": "6.2",
        "recipe": {
            "repo": "github.com/symfony/recipes",
            "branch": "main",
            "version": "6.1",
            "ref": "e42b3f0177df239add25373083a564e5ead4e13a"
        },
        "files": [
            "config/packages/web_profiler.yaml",
            "config/routes/web_profiler.yaml"
        ]
    },
    "zenstruck/foundry": {
        "version": "1.37",
        "recipe": {
            "repo": "github.com/symfony/recipes",
            "branch": "main",
            "version": "1.10",
            "ref": "37c2f894cc098ab4c08874b80cccc8e2f8de7976"
        },
        "files": [
            "config/packages/zenstruck_foundry.yaml"
        ]
    }
}
